
Microsoft Visual Studio Solution File, Format Version 12.00
Project("{FAE04EC0-301F-11D3-BF4B-00C04F79EFBC}") = "discord-soundboard", "discord-soundboard.csproj", "{2F563123-03A3-4683-8FCD-9F696550D747}"
EndProject
Global
	GlobalSection(SolutionConfigurationPlatforms) = preSolution
		Debug|Any CPU = Debug|Any CPU
		Release|Any CPU = Release|Any CPU
	EndGlobalSection
	GlobalSection(ProjectConfigurationPlatforms) = postSolution
		{2F563123-03A3-4683-8FCD-9F696550D747}.Debug|Any CPU.ActiveCfg = Debug|Any CPU
		{2F563123-03A3-4683-8FCD-9F696550D747}.Debug|Any CPU.Build.0 = Debug|Any CPU
		{2F563123-03A3-4683-8FCD-9F696550D747}.Release|Any CPU.ActiveCfg = Release|Any CPU
		{2F563123-03A3-4683-8FCD-9F696550D747}.Release|Any CPU.Build.0 = Release|Any CPU
	EndGlobalSection
EndGlobal
